hash: cc648e5ac465bd0f827c494c55ac35c5ff3beb5422bbe825f7220b2045518845
updated: 2017-09-15T18:06:43.774093164+02:00
imports:
- name: github.com/astaxie/beego
  version: 3162da131da68f38e85765781c9d1cc419963e67
  subpackages:
  - config
  - context
  - context/param
  - grace
  - logs
  - session
  - toolbox
  - utils
- name: github.com/barakmich/glog
  version: fafcb6128a8a2e6360ff034091434d547397d54a
- name: github.com/bradfitz/gomemcache
  version: 1952afaa557dc08e8e0d89eafab110fb501c1a2b
  subpackages:
  - memcache
- name: github.com/davecgh/go-spew
  version: 6d212800a42e8ab5c146b8ace3490ee17e5225f9
  subpackages:
  - spew
- name: github.com/fzzy/radix
  version: 3528e87a910c6730810cec1be187f989d7d9442a
  subpackages:
  - extra/pubsub
  - redis
  - redis/resp
- name: github.com/jmcvetta/neoism
  version: 2ffb5c69feb355227c6ee8679768d7289e6d7193
- name: github.com/jmcvetta/randutil
  version: 2bb1b664bcff821e02b2a0644cd29c7e824d54f8
- name: github.com/kr/pretty
  version: cfb55aafdaf3ec08f0db22699ab822c50091b1c4
- name: github.com/kr/text
  version: 7cafcd837844e784b526369c9bce262804aebc60
- name: github.com/pmezard/go-difflib
  version: d8ed2627bdf02c080bf22230dbb337003b7aba2d
  subpackages:
  - difflib
- name: github.com/robertkrimen/otto
  version: a813c59b1b4471ff7ecd3b533bac2f7e7d178784
  subpackages:
  - ast
  - dbg
  - file
  - parser
  - registry
  - token
- name: github.com/stretchr/testify
  version: 69483b4bd14f5845b5a1e55bca19e954e827f1d0
  subpackages:
  - assert
- name: gopkg.in/jmcvetta/napping.v3
  version: 4c7b4b235c63152afa9a1c6384e708e0fbfd77ca
- name: gopkg.in/sourcemap.v1
  version: 6e83acea0053641eff084973fee085f0c193c61a
  subpackages:
  - base64vlq
testImports: []
